
Microsoft Visual Studio Solution File, Format Version 12.00
# Visual Studio Version 17
VisualStudioVersion = 17.9.34701.34
MinimumVisualStudioVersion = 10.0.40219.1
Project("{8BC9CEB8-8B4A-11D0-8D11-00A0C91BC942}") = "GPU_Graphs", "GPU_Graphs\GPU_Graphs.vcxproj", "{2FC2516C-C894-4C7F-B790-C7269616435F}"
EndProject
Global
	GlobalSection(SolutionConfigurationPlatforms) = preSolution
		Debug|x64 = Debug|x64
		Release|x64 = Release|x64
	EndGlobalSection
	GlobalSection(ProjectConfigurationPlatforms) = postSolution
		{2FC2516C-C894-4C7F-B790-C7269616435F}.Debug|x64.ActiveCfg = Debug|x64
		{2FC2516C-C894-4C7F-B790-C7269616435F}.Debug|x64.Build.0 = Debug|x64
		{2FC2516C-C894-4C7F-B790-C7269616435F}.Release|x64.ActiveCfg = Release|x64
		{2FC2516C-C894-4C7F-B790-C7269616435F}.Release|x64.Build.0 = Release|x64
	EndGlobalSection
	GlobalSection(SolutionProperties) = preSolution
		HideSolutionNode = FALSE
	EndGlobalSection
	GlobalSection(ExtensibilityGlobals) = postSolution
		SolutionGuid = {4E1FE814-46B1-4A74-9F84-8A71B9E4D361}
	EndGlobalSection
EndGlobal
